
Microsoft Visual Studio Solution File, Format Version 12.00
# Visual Studio Version 17
VisualStudioVersion = 17.4.33403.182
MinimumVisualStudioVersion = 10.0.40219.1
Project("{FAE04EC0-301F-11D3-BF4B-00C04F79EFBC}") = "BoltFood", "BoltFood\BoltFood.csproj", "{51169829-0F2A-4F74-A58A-D56394DB694A}"
EndProject
Project("{FAE04EC0-301F-11D3-BF4B-00C04F79EFBC}") = "BoltFood.Core", "BoltFood.Core\BoltFood.Core.csproj", "{952F8374-D30D-43D1-8C9E-17147C9DE2C1}"
EndProject
Project("{FAE04EC0-301F-11D3-BF4B-00C04F79EFBC}") = "BoltFood.Data", "BoltFood.Data\BoltFood.Data.csproj", "{90D38E34-E5B1-4732-AC9B-5FAD32B11D1C}"
EndProject
Project("{FAE04EC0-301F-11D3-BF4B-00C04F79EFBC}") = "BoltFood.Service", "BoltFood.Service\BoltFood.Service.csproj", "{C5193FD0-3325-47F0-9763-73D751DCEEF4}"
EndProject
Global
	GlobalSection(SolutionConfigurationPlatforms) = preSolution
		Debug|Any CPU = Debug|Any CPU
		Release|Any CPU = Release|Any CPU
	EndGlobalSection
	GlobalSection(ProjectConfigurationPlatforms) = postSolution
		{51169829-0F2A-4F74-A58A-D56394DB694A}.Debug|Any CPU.ActiveCfg = Debug|Any CPU
		{51169829-0F2A-4F74-A58A-D56394DB694A}.Debug|Any CPU.Build.0 = Debug|Any CPU
		{51169829-0F2A-4F74-A58A-D56394DB694A}.Release|Any CPU.ActiveCfg = Release|Any CPU
		{51169829-0F2A-4F74-A58A-D56394DB694A}.Release|Any CPU.Build.0 = Release|Any CPU
		{952F8374-D30D-43D1-8C9E-17147C9DE2C1}.Debug|Any CPU.ActiveCfg = Debug|Any CPU
		{952F8374-D30D-43D1-8C9E-17147C9DE2C1}.Debug|Any CPU.Build.0 = Debug|Any CPU
		{952F8374-D30D-43D1-8C9E-17147C9DE2C1}.Release|Any CPU.ActiveCfg = Release|Any CPU
		{952F8374-D30D-43D1-8C9E-17147C9DE2C1}.Release|Any CPU.Build.0 = Release|Any CPU
		{90D38E34-E5B1-4732-AC9B-5FAD32B11D1C}.Debug|Any CPU.ActiveCfg = Debug|Any CPU
		{90D38E34-E5B1-4732-AC9B-5FAD32B11D1C}.Debug|Any CPU.Build.0 = Debug|Any CPU
		{90D38E34-E5B1-4732-AC9B-5FAD32B11D1C}.Release|Any CPU.ActiveCfg = Release|Any CPU
		{90D38E34-E5B1-4732-AC9B-5FAD32B11D1C}.Release|Any CPU.Build.0 = Release|Any CPU
		{C5193FD0-3325-47F0-9763-73D751DCEEF4}.Debug|Any CPU.ActiveCfg = Debug|Any CPU
		{C5193FD0-3325-47F0-9763-73D751DCEEF4}.Debug|Any CPU.Build.0 = Debug|Any CPU
		{C5193FD0-3325-47F0-9763-73D751DCEEF4}.Release|Any CPU.ActiveCfg = Release|Any CPU
		{C5193FD0-3325-47F0-9763-73D751DCEEF4}.Release|Any CPU.Build.0 = Release|Any CPU
	EndGlobalSection
	GlobalSection(SolutionProperties) = preSolution
		HideSolutionNode = FALSE
	EndGlobalSection
	GlobalSection(ExtensibilityGlobals) = postSolution
		SolutionGuid = {F4255A4F-41E9-4FAA-B1A2-C11F6677DFEE}
	EndGlobalSection
EndGlobal
